// !$*UTF8*$!
{
	archiveVersion = 1;
	classes = {
	};
	objectVersion = 77;
	objects = {

/* Begin PBXContainerItemProxy section */
		773C4D822EE204FE0069B082 /* PBXContainerItemProxy */ = {
			isa = PBXContainerItemProxy;
			containerPortal = 773C4D692EE204FC0069B082 /* Project object */;
			proxyType = 1;
			remoteGlobalIDString = 773C4D702EE204FC0069B082;
			remoteInfo = "Sioree XCode Project";
		};
		773C4D8C2EE204FE0069B082 /* PBXContainerItemProxy */ = {
			isa = PBXContainerItemProxy;
			containerPortal = 773C4D692EE204FC0069B082 /* Project object */;
			proxyType = 1;
			remoteGlobalIDString = 773C4D702EE204FC0069B082;
			remoteInfo = "Sioree XCode Project";
		};
/* End PBXContainerItemProxy section */

/* Begin PBXFileReference section */
		773C4D712EE204FC0069B082 /* Sioree XCode Project.app */ = {isa = PBXFileReference; explicitFileType = wrapper.application; includeInIndex = 0; path = "Sioree XCode Project.app"; sourceTree = BUILT_PRODUCTS_DIR; };
		773C4D812EE204FE0069B082 /* Sioree XCode ProjectTests.xctest */ = {isa = PBXFileReference; explicitFileType = wrapper.cfbundle; includeInIndex = 0; path = "Sioree XCode ProjectTests.xctest"; sourceTree = BUILT_PRODUCTS_DIR; };
		773C4D8B2EE204FE0069B082 /* Sioree XCode ProjectUITests.xctest */ = {isa = PBXFileReference; explicitFileType = wrapper.cfbundle; includeInIndex = 0; path = "Sioree XCode ProjectUITests.xctest"; sourceTree = BUILT_PRODUCTS_DIR; };
/* End PBXFileReference section */

/* Begin PBXFileSystemSynchronizedRootGroup section */
		773C4D732EE204FC0069B082 /* Sioree XCode Project */ = {
			isa = PBXFileSystemSynchronizedRootGroup;
			path = "Sioree XCode Project";
			sourceTree = "<group>";
		};
		773C4D842EE204FE0069B082 /* Sioree XCode ProjectTests */ = {
			isa = PBXFileSystemSynchronizedRootGroup;
			path = "Sioree XCode ProjectTests";
			sourceTree = "<group>";
		};
		773C4D8E2EE204FE0069B082 /* Sioree XCode ProjectUITests */ = {
			isa = PBXFileSystemSynchronizedRootGroup;
			path = "Sioree XCode ProjectUITests";
			sourceTree = "<group>";
		};
/* End PBXFileSystemSynchronizedRootGroup section */

/* Begin PBXFrameworksBuildPhase section */
		773C4D6E2EE204FC0069B082 /* Frameworks */ = {
			isa = PBXFrameworksBuildPhase;
			buildActionMask = 2147483647;
			files = (
			);
			runOnlyForDeploymentPostprocessing = 0;
		};
		773C4D7E2EE204FE0069B082 /* Frameworks */ = {
			isa = PBXFrameworksBuildPhase;
			buildActionMask = 2147483647;
			files = (
			);
			runOnlyForDeploymentPostprocessing = 0;
		};
		773C4D882EE204FE0069B082 /* Frameworks */ = {
			isa = PBXFrameworksBuildPhase;
			buildActionMask = 2147483647;
			files = (
			);
			runOnlyForDeploymentPostprocessing = 0;
		};
/* End PBXFrameworksBuildPhase section */

/* Begin PBXGroup section */
		773C4D682EE204FC0069B082 = {
			isa = PBXGroup;
			children = (
				773C4D732EE204FC0069B082 /* Sioree XCode Project */,
				773C4D842EE204FE0069B082 /* Sioree XCode ProjectTests */,
				773C4D8E2EE204FE0069B082 /* Sioree XCode ProjectUITests */,
				773C4D722EE204FC0069B082 /* Products */,
			);
			sourceTree = "<group>";
		};
		773C4D722EE204FC0069B082 /* Products */ = {
			isa = PBXGroup;
			children = (
				773C4D712EE204FC0069B082 /* Sioree XCode Project.app */,
				773C4D812EE204FE0069B082 /* Sioree XCode ProjectTests.xctest */,
				773C4D8B2EE204FE0069B082 /* Sioree XCode ProjectUITests.xctest */,
			);
			name = Products;
			sourceTree = "<group>";
		};
/* End PBXGroup section */

/* Begin PBXNativeTarget section */
		773C4D702EE204FC0069B082 /* Sioree XCode Project */ = {
			isa = PBXNativeTarget;
			buildConfigurationList = 773C4D952EE204FE0069B082 /* Build configuration list for PBXNativeTarget "Sioree XCode Project" */;
			buildPhases = (
				773C4D6D2EE204FC0069B082 /* Sources */,
				773C4D6E2EE204FC0069B082 /* Frameworks */,
				773C4D6F2EE204FC0069B082 /* Resources */,
			);
			buildRules = (
			);
			dependencies = (
			);
			fileSystemSynchronizedGroups = (
				773C4D732EE204FC0069B082 /* Sioree XCode Project */,
			);
			name = "Sioree XCode Project";
			packageProductDependencies = (
			);
			productName = "Sioree XCode Project";
			productReference = 773C4D712EE204FC0069B082 /* Sioree XCode Project.app */;
			productType = "com.apple.product-type.application";
		};
		773C4D802EE204FE0069B082 /* Sioree XCode ProjectTests */ = {
			isa = PBXNativeTarget;
			buildConfigurationList = 773C4D982EE204FE0069B082 /* Build configuration list for PBXNativeTarget "Sioree XCode ProjectTests" */;
			buildPhases = (
				773C4D7D2EE204FE0069B082 /* Sources */,
				773C4D7E2EE204FE0069B082 /* Frameworks */,
				773C4D7F2EE204FE0069B082 /* Resources */,
			);
			buildRules = (
			);
			dependencies = (
				773C4D832EE204FE0069B082 /* PBXTargetDependency */,
			);
			fileSystemSynchronizedGroups = (
				773C4D842EE204FE0069B082 /* Sioree XCode ProjectTests */,
			);
			name = "Sioree XCode ProjectTests";
			packageProductDependencies = (
			);
			productName = "Sioree XCode ProjectTests";
			productReference = 773C4D812EE204FE0069B082 /* Sioree XCode ProjectTests.xctest */;
			productType = "com.apple.product-type.bundle.unit-test";
		};
		773C4D8A2EE204FE0069B082 /* Sioree XCode ProjectUITests */ = {
			isa = PBXNativeTarget;
			buildConfigurationList = 773C4D9B2EE204FE0069B082 /* Build configuration list for PBXNativeTarget "Sioree XCode ProjectUITests" */;
			buildPhases = (
				773C4D872EE204FE0069B082 /* Sources */,
				773C4D882EE204FE0069B082 /* Frameworks */,
				773C4D892EE204FE0069B082 /* Resources */,
			);
			buildRules = (
			);
			dependencies = (
				773C4D8D2EE204FE0069B082 /* PBXTargetDependency */,
			);
			fileSystemSynchronizedGroups = (
				773C4D8E2EE204FE0069B082 /* Sioree XCode ProjectUITests */,
			);
			name = "Sioree XCode ProjectUITests";
			packageProductDependencies = (
			);
			productName = "Sioree XCode ProjectUITests";
			productReference = 773C4D8B2EE204FE0069B082 /* Sioree XCode ProjectUITests.xctest */;
			productType = "com.apple.product-type.bundle.ui-testing";
		};
/* End PBXNativeTarget section */

/* Begin PBXProject section */
		773C4D692EE204FC0069B082 /* Project object */ = {
			isa = PBXProject;
			attributes = {
				BuildIndependentTargetsInParallel = 1;
				LastSwiftUpdateCheck = 1600;
				LastUpgradeCheck = 1600;
				TargetAttributes = {
					773C4D702EE204FC0069B082 = {
						CreatedOnToolsVersion = 16.0;
					};
					773C4D802EE204FE0069B082 = {
						CreatedOnToolsVersion = 16.0;
						TestTargetID = 773C4D702EE204FC0069B082;
					};
					773C4D8A2EE204FE0069B082 = {
						CreatedOnToolsVersion = 16.0;
						TestTargetID = 773C4D702EE204FC0069B082;
					};
				};
			};
			buildConfigurationList = 773C4D6C2EE204FC0069B082 /* Build configuration list for PBXProject "Sioree XCode Project" */;
			developmentRegion = en;
			hasScannedForEncodings = 0;
			knownRegions = (
				en,
				Base,
			);
			mainGroup = 773C4D682EE204FC0069B082;
			minimizedProjectReferenceProxies = 1;
			preferredProjectObjectVersion = 77;
			productRefGroup = 773C4D722EE204FC0069B082 /* Products */;
			projectDirPath = "";
			projectRoot = "";
			targets = (
				773C4D702EE204FC0069B082 /* Sioree XCode Project */,
				773C4D802EE204FE0069B082 /* Sioree XCode ProjectTests */,
				773C4D8A2EE204FE0069B082 /* Sioree XCode ProjectUITests */,
			);
		};
/* End PBXProject section */

/* Begin PBXResourcesBuildPhase section */
		773C4D6F2EE204FC0069B082 /* Resources */ = {
			isa = PBXResourcesBuildPhase;
			buildActionMask = 2147483647;
			files = (
			);
			runOnlyForDeploymentPostprocessing = 0;
		};
		773C4D7F2EE204FE0069B082 /* Resources */ = {
			isa = PBXResourcesBuildPhase;
			buildActionMask = 2147483647;
			files = (
			);
			runOnlyForDeploymentPostprocessing = 0;
		};
		773C4D892EE204FE0069B082 /* Resources */ = {
			isa = PBXResourcesBuildPhase;
			buildActionMask = 2147483647;
			files = (
			);
			runOnlyForDeploymentPostprocessing = 0;
		};
/* End PBXResourcesBuildPhase section */

/* Begin PBXSourcesBuildPhase section */
		773C4D6D2EE204FC0069B082 /* Sources */ = {
			isa = PBXSourcesBuildPhase;
			buildActionMask = 2147483647;
			files = (
			);
			runOnlyForDeploymentPostprocessing = 0;
		};
		773C4D7D2EE204FE0069B082 /* Sources */ = {
			isa = PBXSourcesBuildPhase;
			buildActionMask = 2147483647;
			files = (
			);
			runOnlyForDeploymentPostprocessing = 0;
		};
		773C4D872EE204FE0069B082 /* Sources */ = {
			isa = PBXSourcesBuildPhase;
			buildActionMask = 2147483647;
			files = (
			);
			runOnlyForDeploymentPostprocessing = 0;
		};
/* End PBXSourcesBuildPhase section */

/* Begin PBXTargetDependency section */
		773C4D832EE204FE0069B082 /* PBXTargetDependency */ = {
			isa = PBXTargetDependency;
			target = 773C4D702EE204FC0069B082 /* Sioree XCode Project */;
			targetProxy = 773C4D822EE204FE0069B082 /* PBXContainerItemProxy */;
		};
		773C4D8D2EE204FE0069B082 /* PBXTargetDependency */ = {
			isa = PBXTargetDependency;
			target = 773C4D702EE204FC0069B082 /* Sioree XCode Project */;
			targetProxy = 773C4D8C2EE204FE0069B082 /* PBXContainerItemProxy */;
		};
/* End PBXTargetDependency section */

/* Begin XCBuildConfiguration section */
		773C4D932EE204FE0069B082 /* Debug */ = {
			isa = XCBuildConfiguration;
			buildSettings = {
				ALWAYS_SEARCH_USER_PATHS = NO;
				ASSETCATALOG_COMPILER_GENERATE_SWIFT_ASSET_SYMBOL_EXTENSIONS = YES;
				CLANG_ANALYZER_NONNULL = YES;
				CLANG_ANALYZER_NUMBER_OBJECT_CONVERSION = YES_AGGRESSIVE;
				CLANG_CXX_LANGUAGE_STANDARD = "gnu++20";
				CLANG_ENABLE_MODULES = YES;
				CLANG_ENABLE_OBJC_ARC = YES;
				CLANG_ENABLE_OBJC_WEAK = YES;
				CLANG_WARN_BLOCK_CAPTURE_AUTORELEASING = YES;
				CLANG_WARN_BOOL_CONVERSION = YES;
				CLANG_WARN_COMMA = YES;
				CLANG_WARN_CONSTANT_CONVERSION = YES;
				CLANG_WARN_DEPRECATED_OBJC_IMPLEMENTATIONS = YES;
				CLANG_WARN_DIRECT_OBJC_ISA_USAGE = YES_ERROR;
				CLANG_WARN_DOCUMENTATION_COMMENTS = YES;
				CLANG_WARN_EMPTY_BODY = YES;
				CLANG_WARN_ENUM_CONVERSION = YES;
				CLANG_WARN_INFINITE_RECURSION = YES;
				CLANG_WARN_INT_CONVERSION = YES;
				CLANG_WARN_NON_LITERAL_NULL_CONVERSION = YES;
				CLANG_WARN_OBJC_IMPLICIT_RETAIN_SELF = YES;
				CLANG_WARN_OBJC_LITERAL_CONVERSION = YES;
				CLANG_WARN_OBJC_ROOT_CLASS = YES_ERROR;
				CLANG_WARN_QUOTED_INCLUDE_IN_FRAMEWORK_HEADER = YES;
				CLANG_WARN_RANGE_LOOP_ANALYSIS = YES;
				CLANG_WARN_STRICT_PROTOTYPES = YES;
				CLANG_WARN_SUSPICIOUS_MOVE = YES;
				CLANG_WARN_UNGUARDED_AVAILABILITY = YES_AGGRESSIVE;
				CLANG_WARN_UNREACHABLE_CODE = YES;
				CLANG_WARN__DUPLICATE_METHOD_MATCH = YES;
				COPY_PHASE_STRIP = NO;
				DEBUG_INFORMATION_FORMAT = dwarf;
				ENABLE_STRICT_OBJC_MSGSEND = YES;
				ENABLE_TESTABILITY = YES;
				ENABLE_USER_SCRIPT_SANDBOXING = YES;
				GCC_C_LANGUAGE_STANDARD = gnu17;
				GCC_DYNAMIC_NO_PIC = NO;
				GCC_NO_COMMON_BLOCKS = YES;
				GCC_OPTIMIZATION_LEVEL = 0;
				GCC_PREPROCESSOR_DEFINITIONS = (
					"DEBUG=1",
					"$(inherited)",
				);
				GCC_WARN_64_TO_32_BIT_CONVERSION = YES;
				GCC_WARN_ABOUT_RETURN_TYPE = YES_ERROR;
				GCC_WARN_UNDECLARED_SELECTOR = YES;
				GCC_WARN_UNINITIALIZED_AUTOS = YES_AGGRESSIVE;
				GCC_WARN_UNUSED_FUNCTION = YES;
				GCC_WARN_UNUSED_VARIABLE = YES;
				IPHONEOS_DEPLOYMENT_TARGET = 18.0;
				LOCALIZATION_PREFERS_STRING_CATALOGS = YES;
				MTL_ENABLE_DEBUG_INFO = INCLUDE_SOURCE;
				MTL_FAST_MATH = YES;
				ONLY_ACTIVE_ARCH = YES;
				SDKROOT = iphoneos;
				SWIFT_ACTIVE_COMPILATION_CONDITIONS = "DEBUG $(inherited)";
				SWIFT_OPTIMIZATION_LEVEL = "-Onone";
			};
			name = Debug;
		};
		773C4D942EE204FE0069B082 /* Release */ = {
			isa = XCBuildConfiguration;
			buildSettings = {
				ALWAYS_SEARCH_USER_PATHS = NO;
				ASSETCATALOG_COMPILER_GENERATE_SWIFT_ASSET_SYMBOL_EXTENSIONS = YES;
				CLANG_ANALYZER_NONNULL = YES;
				CLANG_ANALYZER_NUMBER_OBJECT_CONVERSION = YES_AGGRESSIVE;
				CLANG_CXX_LANGUAGE_STANDARD = "gnu++20";
				CLANG_ENABLE_MODULES = YES;
				CLANG_ENABLE_OBJC_ARC = YES;
				CLANG_ENABLE_OBJC_WEAK = YES;
				CLANG_WARN_BLOCK_CAPTURE_AUTORELEASING = YES;
				CLANG_WARN_BOOL_CONVERSION = YES;
				CLANG_WARN_COMMA = YES;
				CLANG_WARN_CONSTANT_CONVERSION = YES;
				CLANG_WARN_DEPRECATED_OBJC_IMPLEMENTATIONS = YES;
				CLANG_WARN_DIRECT_OBJC_ISA_USAGE = YES_ERROR;
				CLANG_WARN_DOCUMENTATION_COMMENTS = YES;
				CLANG_WARN_EMPTY_BODY = YES;
				CLANG_WARN_ENUM_CONVERSION = YES;
				CLANG_WARN_INFINITE_RECURSION = YES;
				CLANG_WARN_INT_CONVERSION = YES;
				CLANG_WARN_NON_LITERAL_NULL_CONVERSION = YES;
				CLANG_WARN_OBJC_IMPLICIT_RETAIN_SELF = YES;
				CLANG_WARN_OBJC_LITERAL_CONVERSION = YES;
				CLANG_WARN_OBJC_ROOT_CLASS = YES_ERROR;
				CLANG_WARN_QUOTED_INCLUDE_IN_FRAMEWORK_HEADER = YES;
				CLANG_WARN_RANGE_LOOP_ANALYSIS = YES;
				CLANG_WARN_STRICT_PROTOTYPES = YES;
				CLANG_WARN_SUSPICIOUS_MOVE = YES;
				CLANG_WARN_UNGUARDED_AVAILABILITY = YES_AGGRESSIVE;
				CLANG_WARN_UNREACHABLE_CODE = YES;
				CLANG_WARN__DUPLICATE_METHOD_MATCH = YES;
				COPY_PHASE_STRIP = NO;
				DEBUG_INFORMATION_FORMAT = "dwarf-with-dsym";
				ENABLE_NS_ASSERTIONS = NO;
				ENABLE_STRICT_OBJC_MSGSEND = YES;
				ENABLE_USER_SCRIPT_SANDBOXING = YES;
				GCC_C_LANGUAGE_STANDARD = gnu17;
				GCC_NO_COMMON_BLOCKS = YES;
				GCC_WARN_64_TO_32_BIT_CONVERSION = YES;
				GCC_WARN_ABOUT_RETURN_TYPE = YES_ERROR;
				GCC_WARN_UNDECLARED_SELECTOR = YES;
				GCC_WARN_UNINITIALIZED_AUTOS = YES_AGGRESSIVE;
				GCC_WARN_UNUSED_FUNCTION = YES;
				GCC_WARN_UNUSED_VARIABLE = YES;
				IPHONEOS_DEPLOYMENT_TARGET = 18.0;
				LOCALIZATION_PREFERS_STRING_CATALOGS = YES;
				MTL_ENABLE_DEBUG_INFO = NO;
				MTL_FAST_MATH = YES;
				SDKROOT = iphoneos;
				SWIFT_COMPILATION_MODE = wholemodule;
				VALIDATE_PRODUCT = YES;
			};
			name = Release;
		};
		773C4D962EE204FE0069B082 /* Debug */ = {
			isa = XCBuildConfiguration;
			buildSettings = {
				ASSETCATALOG_COMPILER_APPICON_NAME = AppIcon;
				ASSETCATALOG_COMPILER_GLOBAL_ACCENT_COLOR_NAME = AccentColor;
				CODE_SIGN_STYLE = Automatic;
				CURRENT_PROJECT_VERSION = 1;
				DEVELOPMENT_ASSET_PATHS = "\"Sioree XCode Project/Preview Content\"";
				DEVELOPMENT_TEAM = 27UYP9A87W;
				ENABLE_PREVIEWS = YES;
				GENERATE_INFOPLIST_FILE = YES;
				INFOPLIST_KEY_UIApplicationSceneManifest_Generation = YES;
				INFOPLIST_KEY_UIApplicationSupportsIndirectInputEvents = YES;
				INFOPLIST_KEY_UILaunchScreen_Generation = YES;
				INFOPLIST_KEY_UISupportedInterfaceOrientations_iPad = "UIInterfaceOrientationPortrait UIInterfaceOrientationPortraitUpsideDown UIInterfaceOrientationLandscapeLeft UIInterfaceOrientationLandscapeRight";
				INFOPLIST_KEY_UISupportedInterfaceOrientations_iPhone = "UIInterfaceOrientationPortrait UIInterfaceOrientationLandscapeLeft UIInterfaceOrientationLandscapeRight";
				LD_RUNPATH_SEARCH_PATHS = (
					"$(inherited)",
					"@executable_path/Frameworks",
				);
				MARKETING_VERSION = 1.0;
				PRODUCT_BUNDLE_IDENTIFIER = "com.sioree.Sioree-XCode-Project";
				PRODUCT_NAME = "$(TARGET_NAME)";
				SWIFT_EMIT_LOC_STRINGS = YES;
				SWIFT_VERSION = 5.0;
				TARGETED_DEVICE_FAMILY = "1,2";
			};
			name = Debug;
		};
		773C4D972EE204FE0069B082 /* Release */ = {
			isa = XCBuildConfiguration;
			buildSettings = {
				ASSETCATALOG_COMPILER_APPICON_NAME = AppIcon;
				ASSETCATALOG_COMPILER_GLOBAL_ACCENT_COLOR_NAME = AccentColor;
				CODE_SIGN_STYLE = Automatic;
				CURRENT_PROJECT_VERSION = 1;
				DEVELOPMENT_ASSET_PATHS = "\"Sioree XCode Project/Preview Content\"";
				DEVELOPMENT_TEAM = 27UYP9A87W;
				ENABLE_PREVIEWS = YES;
				GENERATE_INFOPLIST_FILE = YES;
				INFOPLIST_KEY_UIApplicationSceneManifest_Generation = YES;
				INFOPLIST_KEY_UIApplicationSupportsIndirectInputEvents = YES;
				INFOPLIST_KEY_UILaunchScreen_Generation = YES;
				INFOPLIST_KEY_UISupportedInterfaceOrientations_iPad = "UIInterfaceOrientationPortrait UIInterfaceOrientationPortraitUpsideDown UIInterfaceOrientationLandscapeLeft UIInterfaceOrientationLandscapeRight";
				INFOPLIST_KEY_UISupportedInterfaceOrientations_iPhone = "UIInterfaceOrientationPortrait UIInterfaceOrientationLandscapeLeft UIInterfaceOrientationLandscapeRight";
				LD_RUNPATH_SEARCH_PATHS = (
					"$(inherited)",
					"@executable_path/Frameworks",
				);
				MARKETING_VERSION = 1.0;
				PRODUCT_BUNDLE_IDENTIFIER = "com.sioree.Sioree-XCode-Project";
				PRODUCT_NAME = "$(TARGET_NAME)";
				SWIFT_EMIT_LOC_STRINGS = YES;
				SWIFT_VERSION = 5.0;
				TARGETED_DEVICE_FAMILY = "1,2";
			};
			name = Release;
		};
		773C4D992EE204FE0069B082 /* Debug */ = {
			isa = XCBuildConfiguration;
			buildSettings = {
				BUNDLE_LOADER = "$(TEST_HOST)";
				CODE_SIGN_STYLE = Automatic;
				CURRENT_PROJECT_VERSION = 1;
				DEVELOPMENT_TEAM = 27UYP9A87W;
				GENERATE_INFOPLIST_FILE = YES;
				IPHONEOS_DEPLOYMENT_TARGET = 18.0;
				MARKETING_VERSION = 1.0;
				PRODUCT_BUNDLE_IDENTIFIER = "com.sioree.Sioree-XCode-ProjectTests";
				PRODUCT_NAME = "$(TARGET_NAME)";
				SWIFT_EMIT_LOC_STRINGS = NO;
				SWIFT_VERSION = 5.0;
				TARGETED_DEVICE_FAMILY = "1,2";
				TEST_HOST = "$(BUILT_PRODUCTS_DIR)/Sioree XCode Project.app/$(BUNDLE_EXECUTABLE_FOLDER_PATH)/Sioree XCode Project";
			};
			name = Debug;
		};
		773C4D9A2EE204FE0069B082 /* Release */ = {
			isa = XCBuildConfiguration;
			buildSettings = {
				BUNDLE_LOADER = "$(TEST_HOST)";
				CODE_SIGN_STYLE = Automatic;
				CURRENT_PROJECT_VERSION = 1;
				DEVELOPMENT_TEAM = 27UYP9A87W;
				GENERATE_INFOPLIST_FILE = YES;
				IPHONEOS_DEPLOYMENT_TARGET = 18.0;
				MARKETING_VERSION = 1.0;
				PRODUCT_BUNDLE_IDENTIFIER = "com.sioree.Sioree-XCode-ProjectTests";
				PRODUCT_NAME = "$(TARGET_NAME)";
				SWIFT_EMIT_LOC_STRINGS = NO;
				SWIFT_VERSION = 5.0;
				TARGETED_DEVICE_FAMILY = "1,2";
				TEST_HOST = "$(BUILT_PRODUCTS_DIR)/Sioree XCode Project.app/$(BUNDLE_EXECUTABLE_FOLDER_PATH)/Sioree XCode Project";
			};
			name = Release;
		};
		773C4D9C2EE204FE0069B082 /* Debug */ = {
			isa = XCBuildConfiguration;
			buildSettings = {
				CODE_SIGN_STYLE = Automatic;
				CURRENT_PROJECT_VERSION = 1;
				DEVELOPMENT_TEAM = 27UYP9A87W;
				GENERATE_INFOPLIST_FILE = YES;
				MARKETING_VERSION = 1.0;
				PRODUCT_BUNDLE_IDENTIFIER = "com.sioree.Sioree-XCode-ProjectUITests";
				PRODUCT_NAME = "$(TARGET_NAME)";
				SWIFT_EMIT_LOC_STRINGS = NO;
				SWIFT_VERSION = 5.0;
				TARGETED_DEVICE_FAMILY = "1,2";
				TEST_TARGET_NAME = "Sioree XCode Project";
			};
			name = Debug;
		};
		773C4D9D2EE204FE0069B082 /* Release */ = {
			isa = XCBuildConfiguration;
			buildSettings = {
				CODE_SIGN_STYLE = Automatic;
				CURRENT_PROJECT_VERSION = 1;
				DEVELOPMENT_TEAM = 27UYP9A87W;
				GENERATE_INFOPLIST_FILE = YES;
				MARKETING_VERSION = 1.0;
				PRODUCT_BUNDLE_IDENTIFIER = "com.sioree.Sioree-XCode-ProjectUITests";
				PRODUCT_NAME = "$(TARGET_NAME)";
				SWIFT_EMIT_LOC_STRINGS = NO;
				SWIFT_VERSION = 5.0;
				TARGETED_DEVICE_FAMILY = "1,2";
				TEST_TARGET_NAME = "Sioree XCode Project";
			};
			name = Release;
		};
/* End XCBuildConfiguration section */

/* Begin XCConfigurationList section */
		773C4D6C2EE204FC0069B082 /* Build configuration list for PBXProject "Sioree XCode Project" */ = {
			isa = XCConfigurationList;
			buildConfigurations = (
				773C4D932EE204FE0069B082 /* Debug */,
				773C4D942EE204FE0069B082 /* Release */,
			);
			defaultConfigurationIsVisible = 0;
			defaultConfigurationName = Release;
		};
		773C4D952EE204FE0069B082 /* Build configuration list for PBXNativeTarget "Sioree XCode Project" */ = {
			isa = XCConfigurationList;
			buildConfigurations = (
				773C4D962EE204FE0069B082 /* Debug */,
				773C4D972EE204FE0069B082 /* Release */,
			);
			defaultConfigurationIsVisible = 0;
			defaultConfigurationName = Release;
		};
		773C4D982EE204FE0069B082 /* Build configuration list for PBXNativeTarget "Sioree XCode ProjectTests" */ = {
			isa = XCConfigurationList;
			buildConfigurations = (
				773C4D992EE204FE0069B082 /* Debug */,
				773C4D9A2EE204FE0069B082 /* Release */,
			);
			defaultConfigurationIsVisible = 0;
			defaultConfigurationName = Release;
		};
		773C4D9B2EE204FE0069B082 /* Build configuration list for PBXNativeTarget "Sioree XCode ProjectUITests" */ = {
			isa = XCConfigurationList;
			buildConfigurations = (
				773C4D9C2EE204FE0069B082 /* Debug */,
				773C4D9D2EE204FE0069B082 /* Release */,
			);
			defaultConfigurationIsVisible = 0;
			defaultConfigurationName = Release;
		};
/* End XCConfigurationList section */
	};
	rootObject = 773C4D692EE204FC0069B082 /* Project object */;
}
